
Microsoft Visual Studio Solution File, Format Version 12.00
# Visual Studio Version 16
VisualStudioVersion = 16.0.30517.126
MinimumVisualStudioVersion = 10.0.40219.1
Project("{FAE04EC0-301F-11D3-BF4B-00C04F79EFBC}") = "Dropbox05", "Dropbox05.csproj", "{35E8C0C0-1E16-43CA-A4EA-D83A96DE5C5E}"
EndProject
Global
	GlobalSection(SolutionConfigurationPlatforms) = preSolution
		Debug|Any CPU = Debug|Any CPU
		Release|Any CPU = Release|Any CPU
	EndGlobalSection
	GlobalSection(ProjectConfigurationPlatforms) = postSolution
		{35E8C0C0-1E16-43CA-A4EA-D83A96DE5C5E}.Debug|Any CPU.ActiveCfg = Debug|Any CPU
		{35E8C0C0-1E16-43CA-A4EA-D83A96DE5C5E}.Debug|Any CPU.Build.0 = Debug|Any CPU
		{35E8C0C0-1E16-43CA-A4EA-D83A96DE5C5E}.Release|Any CPU.ActiveCfg = Release|Any CPU
		{35E8C0C0-1E16-43CA-A4EA-D83A96DE5C5E}.Release|Any CPU.Build.0 = Release|Any CPU
	EndGlobalSection
	GlobalSection(SolutionProperties) = preSolution
		HideSolutionNode = FALSE
	EndGlobalSection
	GlobalSection(ExtensibilityGlobals) = postSolution
		SolutionGuid = {49DD349A-ECD9-4C51-9BD6-AA30ADB42069}
	EndGlobalSection
EndGlobal
